// !$*UTF8*$!
{
	archiveVersion = 1;
	classes = {
	};
	objectVersion = 70;
	objects = {

/* Begin PBXBuildFile section */
		1512B4A92C9116A0002BA07B /* SettingsViewModel.swift in Sources */ = {isa = PBXBuildFile; fileRef = 1512B4A82C9116A0002BA07B /* SettingsViewModel.swift */; };
		1512B4AB2C9116B8002BA07B /* SettingsView.swift in Sources */ = {isa = PBXBuildFile; fileRef = 1512B4AA2C9116B8002BA07B /* SettingsView.swift */; };
		151D60C42C8E33A100156456 /* PomodoroTimer.swift in Sources */ = {isa = PBXBuildFile; fileRef = 151D60C32C8E33A100156456 /* PomodoroTimer.swift */; };
		151D60C62C8E3CE700156456 /* PomodoroViewModel.swift in Sources */ = {isa = PBXBuildFile; fileRef = 151D60C52C8E3CE700156456 /* PomodoroViewModel.swift */; };
		151D60C82C8E579500156456 /* PomodoroView.swift in Sources */ = {isa = PBXBuildFile; fileRef = 151D60C72C8E579500156456 /* PomodoroView.swift */; };
		1588D1A72C9F725C00FEA5DA /* AlertsViewModel.swift in Sources */ = {isa = PBXBuildFile; fileRef = 1588D1A62C9F725C00FEA5DA /* AlertsViewModel.swift */; };
		15D5B5152C88F789004B29E8 /* PomodoroTimerApp.swift in Sources */ = {isa = PBXBuildFile; fileRef = 15D5B5142C88F789004B29E8 /* PomodoroTimerApp.swift */; };
		15D5B5192C88F78B004B29E8 /* Assets.xcassets in Resources */ = {isa = PBXBuildFile; fileRef = 15D5B5182C88F78B004B29E8 /* Assets.xcassets */; };
		15D5B51C2C88F78B004B29E8 /* Preview Assets.xcassets in Resources */ = {isa = PBXBuildFile; fileRef = 15D5B51B2C88F78B004B29E8 /* Preview Assets.xcassets */; };
/* End PBXBuildFile section */

/* Begin PBXFileReference section */
		1512B4A82C9116A0002BA07B /* SettingsViewModel.swift */ = {isa = PBXFileReference; fileEncoding = 4; lastKnownFileType = sourcecode.swift; path = SettingsViewModel.swift; sourceTree = "<group>"; };
		1512B4AA2C9116B8002BA07B /* SettingsView.swift */ = {isa = PBXFileReference; fileEncoding = 4; lastKnownFileType = sourcecode.swift; path = SettingsView.swift; sourceTree = "<group>"; };
		151D60C32C8E33A100156456 /* PomodoroTimer.swift */ = {isa = PBXFileReference; lastKnownFileType = sourcecode.swift; path = PomodoroTimer.swift; sourceTree = "<group>"; };
		151D60C52C8E3CE700156456 /* PomodoroViewModel.swift */ = {isa = PBXFileReference; lastKnownFileType = sourcecode.swift; path = PomodoroViewModel.swift; sourceTree = "<group>"; };
		151D60C72C8E579500156456 /* PomodoroView.swift */ = {isa = PBXFileReference; lastKnownFileType = sourcecode.swift; path = PomodoroView.swift; sourceTree = "<group>"; };
		1582628D2C9DEC7900D18B5C /* PomodoroTimer-Watch-App-Info.plist */ = {isa = PBXFileReference; lastKnownFileType = text.plist; path = "PomodoroTimer-Watch-App-Info.plist"; sourceTree = SOURCE_ROOT; };
		1588D1A62C9F725C00FEA5DA /* AlertsViewModel.swift */ = {isa = PBXFileReference; lastKnownFileType = sourcecode.swift; path = AlertsViewModel.swift; sourceTree = "<group>"; };
		15D5B50F2C88F789004B29E8 /* PomodoroTimer.app */ = {isa = PBXFileReference; explicitFileType = wrapper.application; includeInIndex = 0; path = PomodoroTimer.app; sourceTree = BUILT_PRODUCTS_DIR; };
		15D5B5142C88F789004B29E8 /* PomodoroTimerApp.swift */ = {isa = PBXFileReference; lastKnownFileType = sourcecode.swift; path = PomodoroTimerApp.swift; sourceTree = "<group>"; };
		15D5B5182C88F78B004B29E8 /* Assets.xcassets */ = {isa = PBXFileReference; lastKnownFileType = folder.assetcatalog; path = Assets.xcassets; sourceTree = "<group>"; };
		15D5B51B2C88F78B004B29E8 /* Preview Assets.xcassets */ = {isa = PBXFileReference; lastKnownFileType = folder.assetcatalog; path = "Preview Assets.xcassets"; sourceTree = "<group>"; };
/* End PBXFileReference section */

/* Begin PBXFileSystemSynchronizedRootGroup section */
		15567D2F2C9E1C7200EEB519 /* Services */ = {isa = PBXFileSystemSynchronizedRootGroup; explicitFileTypes = {}; explicitFolders = (); path = Services; sourceTree = "<group>"; };
/* End PBXFileSystemSynchronizedRootGroup section */

/* Begin PBXFrameworksBuildPhase section */
		15D5B50C2C88F789004B29E8 /* Frameworks */ = {
			isa = PBXFrameworksBuildPhase;
			buildActionMask = 2147483647;
			files = (
			);
			runOnlyForDeploymentPostprocessing = 0;
		};
/* End PBXFrameworksBuildPhase section */

/* Begin PBXGroup section */
		151D60BF2C8E337C00156456 /* Models */ = {
			isa = PBXGroup;
			children = (
				151D60C32C8E33A100156456 /* PomodoroTimer.swift */,
			);
			path = Models;
			sourceTree = "<group>";
		};
		151D60C12C8E338100156456 /* Views */ = {
			isa = PBXGroup;
			children = (
				1512B4AA2C9116B8002BA07B /* SettingsView.swift */,
				151D60C72C8E579500156456 /* PomodoroView.swift */,
			);
			path = Views;
			sourceTree = "<group>";
		};
		151D60C22C8E338400156456 /* ViewModels */ = {
			isa = PBXGroup;
			children = (
				1512B4A82C9116A0002BA07B /* SettingsViewModel.swift */,
				151D60C52C8E3CE700156456 /* PomodoroViewModel.swift */,
				1588D1A62C9F725C00FEA5DA /* AlertsViewModel.swift */,
			);
			path = ViewModels;
			sourceTree = "<group>";
		};
		15D5B5022C88F789004B29E8 = {
			isa = PBXGroup;
			children = (
				15D5B5132C88F789004B29E8 /* PomodoroTimer Watch App */,
				15D5B50A2C88F789004B29E8 /* Products */,
			);
			sourceTree = "<group>";
		};
		15D5B50A2C88F789004B29E8 /* Products */ = {
			isa = PBXGroup;
			children = (
				15D5B50F2C88F789004B29E8 /* PomodoroTimer.app */,
			);
			name = Products;
			sourceTree = "<group>";
		};
		15D5B5132C88F789004B29E8 /* PomodoroTimer Watch App */ = {
			isa = PBXGroup;
			children = (
				1582628D2C9DEC7900D18B5C /* PomodoroTimer-Watch-App-Info.plist */,
				151D60BF2C8E337C00156456 /* Models */,
				151D60C22C8E338400156456 /* ViewModels */,
				151D60C12C8E338100156456 /* Views */,
				15567D2F2C9E1C7200EEB519 /* Services */,
				15D5B5142C88F789004B29E8 /* PomodoroTimerApp.swift */,
				15D5B5182C88F78B004B29E8 /* Assets.xcassets */,
				15D5B51A2C88F78B004B29E8 /* Preview Content */,
			);
			path = "PomodoroTimer Watch App";
			sourceTree = "<group>";
		};
		15D5B51A2C88F78B004B29E8 /* Preview Content */ = {
			isa = PBXGroup;
			children = (
				15D5B51B2C88F78B004B29E8 /* Preview Assets.xcassets */,
			);
			path = "Preview Content";
			sourceTree = "<group>";
		};
/* End PBXGroup section */

/* Begin PBXNativeTarget section */
		15D5B50E2C88F789004B29E8 /* PomodoroTimer */ = {
			isa = PBXNativeTarget;
			buildConfigurationList = 15D5B51F2C88F78B004B29E8 /* Build configuration list for PBXNativeTarget "PomodoroTimer" */;
			buildPhases = (
				15D5B50B2C88F789004B29E8 /* Sources */,
				15D5B50C2C88F789004B29E8 /* Frameworks */,
				15D5B50D2C88F789004B29E8 /* Resources */,
			);
			buildRules = (
			);
			dependencies = (
			);
			fileSystemSynchronizedGroups = (
				15567D2F2C9E1C7200EEB519 /* Services */,
			);
			name = PomodoroTimer;
			productName = "PomodoroTimer Watch App";
			productReference = 15D5B50F2C88F789004B29E8 /* PomodoroTimer.app */;
			productType = "com.apple.product-type.application";
		};
/* End PBXNativeTarget section */

/* Begin PBXProject section */
		15D5B5032C88F789004B29E8 /* Project object */ = {
			isa = PBXProject;
			attributes = {
				BuildIndependentTargetsInParallel = 1;
				LastSwiftUpdateCheck = 1540;
				LastUpgradeCheck = 1600;
				TargetAttributes = {
					15D5B50E2C88F789004B29E8 = {
						CreatedOnToolsVersion = 15.4;
					};
				};
			};
			buildConfigurationList = 15D5B5062C88F789004B29E8 /* Build configuration list for PBXProject "PomodoroTimer" */;
			compatibilityVersion = "Xcode 14.0";
			developmentRegion = en;
			hasScannedForEncodings = 0;
			knownRegions = (
				en,
				Base,
			);
			mainGroup = 15D5B5022C88F789004B29E8;
			productRefGroup = 15D5B50A2C88F789004B29E8 /* Products */;
			projectDirPath = "";
			projectRoot = "";
			targets = (
				15D5B50E2C88F789004B29E8 /* PomodoroTimer */,
			);
		};
/* End PBXProject section */

/* Begin PBXResourcesBuildPhase section */
		15D5B50D2C88F789004B29E8 /* Resources */ = {
			isa = PBXResourcesBuildPhase;
			buildActionMask = 2147483647;
			files = (
				15D5B51C2C88F78B004B29E8 /* Preview Assets.xcassets in Resources */,
				15D5B5192C88F78B004B29E8 /* Assets.xcassets in Resources */,
			);
			runOnlyForDeploymentPostprocessing = 0;
		};
/* End PBXResourcesBuildPhase section */

/* Begin PBXSourcesBuildPhase section */
		15D5B50B2C88F789004B29E8 /* Sources */ = {
			isa = PBXSourcesBuildPhase;
			buildActionMask = 2147483647;
			files = (
				1512B4A92C9116A0002BA07B /* SettingsViewModel.swift in Sources */,
				151D60C42C8E33A100156456 /* PomodoroTimer.swift in Sources */,
				151D60C82C8E579500156456 /* PomodoroView.swift in Sources */,
				1588D1A72C9F725C00FEA5DA /* AlertsViewModel.swift in Sources */,
				1512B4AB2C9116B8002BA07B /* SettingsView.swift in Sources */,
				151D60C62C8E3CE700156456 /* PomodoroViewModel.swift in Sources */,
				15D5B5152C88F789004B29E8 /* PomodoroTimerApp.swift in Sources */,
			);
			runOnlyForDeploymentPostprocessing = 0;
		};
/* End PBXSourcesBuildPhase section */

/* Begin XCBuildConfiguration section */
		15D5B51D2C88F78B004B29E8 /* Debug */ = {
			isa = XCBuildConfiguration;
			buildSettings = {
				ALWAYS_SEARCH_USER_PATHS = NO;
				ASSETCATALOG_COMPILER_GENERATE_SWIFT_ASSET_SYMBOL_EXTENSIONS = YES;
				CLANG_ANALYZER_NONNULL = YES;
				CLANG_ANALYZER_NUMBER_OBJECT_CONVERSION = YES_AGGRESSIVE;
				CLANG_CXX_LANGUAGE_STANDARD = "gnu++20";
				CLANG_ENABLE_MODULES = YES;
				CLANG_ENABLE_OBJC_ARC = YES;
				CLANG_ENABLE_OBJC_WEAK = YES;
				CLANG_WARN_BLOCK_CAPTURE_AUTORELEASING = YES;
				CLANG_WARN_BOOL_CONVERSION = YES;
				CLANG_WARN_COMMA = YES;
				CLANG_WARN_CONSTANT_CONVERSION = YES;
				CLANG_WARN_DEPRECATED_OBJC_IMPLEMENTATIONS = YES;
				CLANG_WARN_DIRECT_OBJC_ISA_USAGE = YES_ERROR;
				CLANG_WARN_DOCUMENTATION_COMMENTS = YES;
				CLANG_WARN_EMPTY_BODY = YES;
				CLANG_WARN_ENUM_CONVERSION = YES;
				CLANG_WARN_INFINITE_RECURSION = YES;
				CLANG_WARN_INT_CONVERSION = YES;
				CLANG_WARN_NON_LITERAL_NULL_CONVERSION = YES;
				CLANG_WARN_OBJC_IMPLICIT_RETAIN_SELF = YES;
				CLANG_WARN_OBJC_LITERAL_CONVERSION = YES;
				CLANG_WARN_OBJC_ROOT_CLASS = YES_ERROR;
				CLANG_WARN_QUOTED_INCLUDE_IN_FRAMEWORK_HEADER = YES;
				CLANG_WARN_RANGE_LOOP_ANALYSIS = YES;
				CLANG_WARN_STRICT_PROTOTYPES = YES;
				CLANG_WARN_SUSPICIOUS_MOVE = YES;
				CLANG_WARN_UNGUARDED_AVAILABILITY = YES_AGGRESSIVE;
				CLANG_WARN_UNREACHABLE_CODE = YES;
				CLANG_WARN__DUPLICATE_METHOD_MATCH = YES;
				COPY_PHASE_STRIP = NO;
				DEAD_CODE_STRIPPING = YES;
				DEBUG_INFORMATION_FORMAT = dwarf;
				ENABLE_STRICT_OBJC_MSGSEND = YES;
				ENABLE_TESTABILITY = YES;
				ENABLE_USER_SCRIPT_SANDBOXING = YES;
				GCC_C_LANGUAGE_STANDARD = gnu17;
				GCC_DYNAMIC_NO_PIC = NO;
				GCC_NO_COMMON_BLOCKS = YES;
				GCC_OPTIMIZATION_LEVEL = 0;
				GCC_PREPROCESSOR_DEFINITIONS = (
					"DEBUG=1",
					"$(inherited)",
				);
				GCC_WARN_64_TO_32_BIT_CONVERSION = YES;
				GCC_WARN_ABOUT_RETURN_TYPE = YES_ERROR;
				GCC_WARN_UNDECLARED_SELECTOR = YES;
				GCC_WARN_UNINITIALIZED_AUTOS = YES_AGGRESSIVE;
				GCC_WARN_UNUSED_FUNCTION = YES;
				GCC_WARN_UNUSED_VARIABLE = YES;
				LOCALIZATION_PREFERS_STRING_CATALOGS = YES;
				MTL_ENABLE_DEBUG_INFO = INCLUDE_SOURCE;
				MTL_FAST_MATH = YES;
				ONLY_ACTIVE_ARCH = YES;
				SWIFT_ACTIVE_COMPILATION_CONDITIONS = "DEBUG $(inherited)";
				SWIFT_OPTIMIZATION_LEVEL = "-Onone";
			};
			name = Debug;
		};
		15D5B51E2C88F78B004B29E8 /* Release */ = {
			isa = XCBuildConfiguration;
			buildSettings = {
				ALWAYS_SEARCH_USER_PATHS = NO;
				ASSETCATALOG_COMPILER_GENERATE_SWIFT_ASSET_SYMBOL_EXTENSIONS = YES;
				CLANG_ANALYZER_NONNULL = YES;
				CLANG_ANALYZER_NUMBER_OBJECT_CONVERSION = YES_AGGRESSIVE;
				CLANG_CXX_LANGUAGE_STANDARD = "gnu++20";
				CLANG_ENABLE_MODULES = YES;
				CLANG_ENABLE_OBJC_ARC = YES;
				CLANG_ENABLE_OBJC_WEAK = YES;
				CLANG_WARN_BLOCK_CAPTURE_AUTORELEASING = YES;
				CLANG_WARN_BOOL_CONVERSION = YES;
				CLANG_WARN_COMMA = YES;
				CLANG_WARN_CONSTANT_CONVERSION = YES;
				CLANG_WARN_DEPRECATED_OBJC_IMPLEMENTATIONS = YES;
				CLANG_WARN_DIRECT_OBJC_ISA_USAGE = YES_ERROR;
				CLANG_WARN_DOCUMENTATION_COMMENTS = YES;
				CLANG_WARN_EMPTY_BODY = YES;
				CLANG_WARN_ENUM_CONVERSION = YES;
				CLANG_WARN_INFINITE_RECURSION = YES;
				CLANG_WARN_INT_CONVERSION = YES;
				CLANG_WARN_NON_LITERAL_NULL_CONVERSION = YES;
				CLANG_WARN_OBJC_IMPLICIT_RETAIN_SELF = YES;
				CLANG_WARN_OBJC_LITERAL_CONVERSION = YES;
				CLANG_WARN_OBJC_ROOT_CLASS = YES_ERROR;
				CLANG_WARN_QUOTED_INCLUDE_IN_FRAMEWORK_HEADER = YES;
				CLANG_WARN_RANGE_LOOP_ANALYSIS = YES;
				CLANG_WARN_STRICT_PROTOTYPES = YES;
				CLANG_WARN_SUSPICIOUS_MOVE = YES;
				CLANG_WARN_UNGUARDED_AVAILABILITY = YES_AGGRESSIVE;
				CLANG_WARN_UNREACHABLE_CODE = YES;
				CLANG_WARN__DUPLICATE_METHOD_MATCH = YES;
				COPY_PHASE_STRIP = NO;
				DEAD_CODE_STRIPPING = YES;
				DEBUG_INFORMATION_FORMAT = "dwarf-with-dsym";
				ENABLE_NS_ASSERTIONS = NO;
				ENABLE_STRICT_OBJC_MSGSEND = YES;
				ENABLE_USER_SCRIPT_SANDBOXING = YES;
				GCC_C_LANGUAGE_STANDARD = gnu17;
				GCC_NO_COMMON_BLOCKS = YES;
				GCC_WARN_64_TO_32_BIT_CONVERSION = YES;
				GCC_WARN_ABOUT_RETURN_TYPE = YES_ERROR;
				GCC_WARN_UNDECLARED_SELECTOR = YES;
				GCC_WARN_UNINITIALIZED_AUTOS = YES_AGGRESSIVE;
				GCC_WARN_UNUSED_FUNCTION = YES;
				GCC_WARN_UNUSED_VARIABLE = YES;
				LOCALIZATION_PREFERS_STRING_CATALOGS = YES;
				MTL_ENABLE_DEBUG_INFO = NO;
				MTL_FAST_MATH = YES;
				SWIFT_COMPILATION_MODE = wholemodule;
			};
			name = Release;
		};
		15D5B5202C88F78B004B29E8 /* Debug */ = {
			isa = XCBuildConfiguration;
			buildSettings = {
				ASSETCATALOG_COMPILER_APPICON_NAME = AppIcon;
				ASSETCATALOG_COMPILER_GLOBAL_ACCENT_COLOR_NAME = AccentColor;
				CODE_SIGN_STYLE = Automatic;
				CURRENT_PROJECT_VERSION = 1;
				DEVELOPMENT_ASSET_PATHS = "\"PomodoroTimer Watch App/Preview Content\"";
				DEVELOPMENT_TEAM = JNCBRV4CXJ;
				ENABLE_PREVIEWS = YES;
				GENERATE_INFOPLIST_FILE = YES;
				INFOPLIST_FILE = "PomodoroTimer-Watch-App-Info.plist";
				INFOPLIST_KEY_CFBundleDisplayName = "Pomodoro Timer";
				INFOPLIST_KEY_UISupportedInterfaceOrientations = "UIInterfaceOrientationPortrait UIInterfaceOrientationPortraitUpsideDown";
				INFOPLIST_KEY_WKWatchOnly = YES;
				LD_RUNPATH_SEARCH_PATHS = (
					"$(inherited)",
					"@executable_path/Frameworks",
				);
				MARKETING_VERSION = 1.0;
				PRODUCT_BUNDLE_IDENTIFIER = jackr.PomodoroTimer.watchkitapp;
				PRODUCT_NAME = "$(TARGET_NAME)";
				SDKROOT = watchos;
				SKIP_INSTALL = YES;
				SWIFT_EMIT_LOC_STRINGS = YES;
				SWIFT_VERSION = 5.0;
				TARGETED_DEVICE_FAMILY = 4;
				WATCHOS_DEPLOYMENT_TARGET = 10.5;
			};
			name = Debug;
		};
		15D5B5212C88F78B004B29E8 /* Release */ = {
			isa = XCBuildConfiguration;
			buildSettings = {
				ASSETCATALOG_COMPILER_APPICON_NAME = AppIcon;
				ASSETCATALOG_COMPILER_GLOBAL_ACCENT_COLOR_NAME = AccentColor;
				CODE_SIGN_STYLE = Automatic;
				CURRENT_PROJECT_VERSION = 1;
				DEVELOPMENT_ASSET_PATHS = "\"PomodoroTimer Watch App/Preview Content\"";
				DEVELOPMENT_TEAM = JNCBRV4CXJ;
				ENABLE_PREVIEWS = YES;
				GENERATE_INFOPLIST_FILE = YES;
				INFOPLIST_FILE = "PomodoroTimer-Watch-App-Info.plist";
				INFOPLIST_KEY_CFBundleDisplayName = "Pomodoro Timer";
				INFOPLIST_KEY_UISupportedInterfaceOrientations = "UIInterfaceOrientationPortrait UIInterfaceOrientationPortraitUpsideDown";
				INFOPLIST_KEY_WKWatchOnly = YES;
				LD_RUNPATH_SEARCH_PATHS = (
					"$(inherited)",
					"@executable_path/Frameworks",
				);
				MARKETING_VERSION = 1.0;
				PRODUCT_BUNDLE_IDENTIFIER = jackr.PomodoroTimer.watchkitapp;
				PRODUCT_NAME = "$(TARGET_NAME)";
				SDKROOT = watchos;
				SKIP_INSTALL = YES;
				SWIFT_EMIT_LOC_STRINGS = YES;
				SWIFT_VERSION = 5.0;
				TARGETED_DEVICE_FAMILY = 4;
				VALIDATE_PRODUCT = YES;
				WATCHOS_DEPLOYMENT_TARGET = 10.5;
			};
			name = Release;
		};
/* End XCBuildConfiguration section */

/* Begin XCConfigurationList section */
		15D5B5062C88F789004B29E8 /* Build configuration list for PBXProject "PomodoroTimer" */ = {
			isa = XCConfigurationList;
			buildConfigurations = (
				15D5B51D2C88F78B004B29E8 /* Debug */,
				15D5B51E2C88F78B004B29E8 /* Release */,
			);
			defaultConfigurationIsVisible = 0;
			defaultConfigurationName = Release;
		};
		15D5B51F2C88F78B004B29E8 /* Build configuration list for PBXNativeTarget "PomodoroTimer" */ = {
			isa = XCConfigurationList;
			buildConfigurations = (
				15D5B5202C88F78B004B29E8 /* Debug */,
				15D5B5212C88F78B004B29E8 /* Release */,
			);
			defaultConfigurationIsVisible = 0;
			defaultConfigurationName = Release;
		};
/* End XCConfigurationList section */
	};
	rootObject = 15D5B5032C88F789004B29E8 /* Project object */;
}
